schema: '2.0'
stages:
  preprocess:
    cmd: python pipeline/preprocess.py
    deps:
    - path: data/raw/Digital_Payment_Fraud_Detection_Dataset.csv
      hash: md5
      md5: 965d42f62f9f56f3242c5aaca07f917d
      size: 601753
    - path: pipeline/preprocess.py
      hash: md5
      md5: 2dc7bb2b807925203118e2c7633a3ac7
      size: 1060
    - path: src/preprocessor.py
      hash: md5
      md5: a3c09ebfe9cb43119c856832c9a9e1e8
      size: 5411
    params:
      params.yaml:
        data.drop_columns:
        - transaction_id
        - user_id
        data.target_column: fraud_label
        train.random_state: 42
        train.test_size: 0.2
    outs:
    - path: data/processed/X_test.npz
      hash: md5
      md5: fa9a787f7b6b706012fe810f1807137e
      size: 54947
    - path: data/processed/X_train.npz
      hash: md5
      md5: 3147d65adb24ed677266b0950a2abb0c
      size: 214161
    - path: data/processed/preprocessor.joblib
      hash: md5
      md5: 25b88eae4d6b451af089e11b6ce562e4
      size: 4720
    - path: data/processed/y_test.npy
      hash: md5
      md5: eef9577256f657770330ab731d4d3d75
      size: 12128
    - path: data/processed/y_train.npy
      hash: md5
      md5: 733aba9072353b6da3019a4315ec9a25
      size: 48128
  train:
    cmd: python pipeline/train.py
    deps:
    - path: data/processed/X_test.npz
      hash: md5
      md5: fa9a787f7b6b706012fe810f1807137e
      size: 54947
    - path: data/processed/X_train.npz
      hash: md5
      md5: 3147d65adb24ed677266b0950a2abb0c
      size: 214161
    - path: data/processed/y_test.npy
      hash: md5
      md5: eef9577256f657770330ab731d4d3d75
      size: 12128
    - path: data/processed/y_train.npy
      hash: md5
      md5: 733aba9072353b6da3019a4315ec9a25
      size: 48128
    - path: pipeline/train.py
      hash: md5
      md5: 4b76f2b407bdc29f993221936d0a560f
      size: 1636
    - path: src/model_trainer.py
      hash: md5
      md5: 44fa780d43607d90026ef045da2d2033
      size: 4321
    params:
      params.yaml:
        random_forest:
          n_estimators: 450
          min_samples_leaf: 2
        train.random_state: 42
        train.threshold: 0.1
        xgboost:
          n_estimators: 500
          max_depth: 6
          learning_rate: 0.03
          subsample: 0.8
          colsample_bytree: 0.8
    outs:
    - path: metrics/scores.json
      hash: md5
      md5: c45f65fa367debed3a5a08d0f1aa4ebf
      size: 193
    - path: models/random_forest.joblib
      hash: md5
      md5: 3f949f7c30719d110e3b02bd7309d689
      size: 32481689
    - path: models/xgboost.joblib
      hash: md5
      md5: b6a8e3125d8c9199a04b75f41dda4fa7
      size: 1557763
